
Microsoft Visual Studio Solution File, Format Version 12.00
# Visual Studio 15
VisualStudioVersion = 15.0.27703.2035
MinimumVisualStudioVersion = 10.0.40219.1
Project("{FAE04EC0-301F-11D3-BF4B-00C04F79EFBC}") = "Bravura.Tests", "Bravura.Tests\Bravura.Tests.csproj", "{4593C8C2-8BCD-404B-B907-E800AF402A17}"
EndProject
Project("{FAE04EC0-301F-11D3-BF4B-00C04F79EFBC}") = "Bravura.Tonality", "Bravura.Tonality\Bravura.Tonality.csproj", "{B27B3E5E-E682-4C0F-AB1C-FE163FC04B86}"
EndProject
Project("{FAE04EC0-301F-11D3-BF4B-00C04F79EFBC}") = "Bravura.Common", "Bravura.Common\Bravura.Common.csproj", "{6DCB4DA0-49EC-47D7-8A44-106FCB02DE87}"
EndProject
Global
	GlobalSection(SolutionConfigurationPlatforms) = preSolution
		Debug|Any CPU = Debug|Any CPU
		Release|Any CPU = Release|Any CPU
	EndGlobalSection
	GlobalSection(ProjectConfigurationPlatforms) = postSolution
		{4593C8C2-8BCD-404B-B907-E800AF402A17}.Debug|Any CPU.ActiveCfg = Debug|Any CPU
		{4593C8C2-8BCD-404B-B907-E800AF402A17}.Debug|Any CPU.Build.0 = Debug|Any CPU
		{4593C8C2-8BCD-404B-B907-E800AF402A17}.Release|Any CPU.ActiveCfg = Release|Any CPU
		{4593C8C2-8BCD-404B-B907-E800AF402A17}.Release|Any CPU.Build.0 = Release|Any CPU
		{B27B3E5E-E682-4C0F-AB1C-FE163FC04B86}.Debug|Any CPU.ActiveCfg = Debug|Any CPU
		{B27B3E5E-E682-4C0F-AB1C-FE163FC04B86}.Debug|Any CPU.Build.0 = Debug|Any CPU
		{B27B3E5E-E682-4C0F-AB1C-FE163FC04B86}.Release|Any CPU.ActiveCfg = Release|Any CPU
		{B27B3E5E-E682-4C0F-AB1C-FE163FC04B86}.Release|Any CPU.Build.0 = Release|Any CPU
		{6DCB4DA0-49EC-47D7-8A44-106FCB02DE87}.Debug|Any CPU.ActiveCfg = Debug|Any CPU
		{6DCB4DA0-49EC-47D7-8A44-106FCB02DE87}.Debug|Any CPU.Build.0 = Debug|Any CPU
		{6DCB4DA0-49EC-47D7-8A44-106FCB02DE87}.Release|Any CPU.ActiveCfg = Release|Any CPU
		{6DCB4DA0-49EC-47D7-8A44-106FCB02DE87}.Release|Any CPU.Build.0 = Release|Any CPU
	EndGlobalSection
	GlobalSection(SolutionProperties) = preSolution
		HideSolutionNode = FALSE
	EndGlobalSection
	GlobalSection(ExtensibilityGlobals) = postSolution
		SolutionGuid = {E57A8214-FE52-4E4F-A370-1B7762188B2D}
	EndGlobalSection
EndGlobal
